// !$*UTF8*$!
{
	archiveVersion = 1;
	classes = {
	};
	objectVersion = 77;
	objects = {

/* Begin PBXContainerItemProxy section */
		26E0E6E52F91AB06003AA20C /* PBXContainerItemProxy */ = {
			isa = PBXContainerItemProxy;
			containerPortal = 26E0E6C62F91AB04003AA20C /* Project object */;
			proxyType = 1;
			remoteGlobalIDString = 26E0E6CD2F91AB04003AA20C;
			remoteInfo = "ZouTianqing-HW9";
		};
		26E0E6EF2F91AB06003AA20C /* PBXContainerItemProxy */ = {
			isa = PBXContainerItemProxy;
			containerPortal = 26E0E6C62F91AB04003AA20C /* Project object */;
			proxyType = 1;
			remoteGlobalIDString = 26E0E6CD2F91AB04003AA20C;
			remoteInfo = "ZouTianqing-HW9";
		};
/* End PBXContainerItemProxy section */

/* Begin PBXFileReference section */
		26E0E6CE2F91AB04003AA20C /* ZouTianqing-HW9.app */ = {isa = PBXFileReference; explicitFileType = wrapper.application; includeInIndex = 0; path = "ZouTianqing-HW9.app"; sourceTree = BUILT_PRODUCTS_DIR; };
		26E0E6E42F91AB06003AA20C /* ZouTianqing-HW9Tests.xctest */ = {isa = PBXFileReference; explicitFileType = wrapper.cfbundle; includeInIndex = 0; path = "ZouTianqing-HW9Tests.xctest"; sourceTree = BUILT_PRODUCTS_DIR; };
		26E0E6EE2F91AB06003AA20C /* ZouTianqing-HW9UITests.xctest */ = {isa = PBXFileReference; explicitFileType = wrapper.cfbundle; includeInIndex = 0; path = "ZouTianqing-HW9UITests.xctest"; sourceTree = BUILT_PRODUCTS_DIR; };
/* End PBXFileReference section */

/* Begin PBXFileSystemSynchronizedBuildFileExceptionSet section */
		26E0E6F62F91AB06003AA20C /* Exceptions for "ZouTianqing-HW9" folder in "ZouTianqing-HW9" target */ = {
			isa = PBXFileSystemSynchronizedBuildFileExceptionSet;
			membershipExceptions = (
				Info.plist,
			);
			target = 26E0E6CD2F91AB04003AA20C /* ZouTianqing-HW9 */;
		};
/* End PBXFileSystemSynchronizedBuildFileExceptionSet section */

/* Begin PBXFileSystemSynchronizedRootGroup section */
		26E0E6D02F91AB04003AA20C /* ZouTianqing-HW9 */ = {
			isa = PBXFileSystemSynchronizedRootGroup;
			exceptions = (
				26E0E6F62F91AB06003AA20C /* Exceptions for "ZouTianqing-HW9" folder in "ZouTianqing-HW9" target */,
			);
			path = "ZouTianqing-HW9";
			sourceTree = "<group>";
		};
		26E0E6E72F91AB06003AA20C /* ZouTianqing-HW9Tests */ = {
			isa = PBXFileSystemSynchronizedRootGroup;
			path = "ZouTianqing-HW9Tests";
			sourceTree = "<group>";
		};
		26E0E6F12F91AB06003AA20C /* ZouTianqing-HW9UITests */ = {
			isa = PBXFileSystemSynchronizedRootGroup;
			path = "ZouTianqing-HW9UITests";
			sourceTree = "<group>";
		};
/* End PBXFileSystemSynchronizedRootGroup section */

/* Begin PBXFrameworksBuildPhase section */
		26E0E6CB2F91AB04003AA20C /* Frameworks */ = {
			isa = PBXFrameworksBuildPhase;
			buildActionMask = 2147483647;
			files = (
			);
			runOnlyForDeploymentPostprocessing = 0;
		};
		26E0E6E12F91AB06003AA20C /* Frameworks */ = {
			isa = PBXFrameworksBuildPhase;
			buildActionMask = 2147483647;
			files = (
			);
			runOnlyForDeploymentPostprocessing = 0;
		};
		26E0E6EB2F91AB06003AA20C /* Frameworks */ = {
			isa = PBXFrameworksBuildPhase;
			buildActionMask = 2147483647;
			files = (
			);
			runOnlyForDeploymentPostprocessing = 0;
		};
/* End PBXFrameworksBuildPhase section */

/* Begin PBXGroup section */
		26E0E6C52F91AB04003AA20C = {
			isa = PBXGroup;
			children = (
				26E0E6D02F91AB04003AA20C /* ZouTianqing-HW9 */,
				26E0E6E72F91AB06003AA20C /* ZouTianqing-HW9Tests */,
				26E0E6F12F91AB06003AA20C /* ZouTianqing-HW9UITests */,
				26E0E6CF2F91AB04003AA20C /* Products */,
			);
			sourceTree = "<group>";
		};
		26E0E6CF2F91AB04003AA20C /* Products */ = {
			isa = PBXGroup;
			children = (
				26E0E6CE2F91AB04003AA20C /* ZouTianqing-HW9.app */,
				26E0E6E42F91AB06003AA20C /* ZouTianqing-HW9Tests.xctest */,
				26E0E6EE2F91AB06003AA20C /* ZouTianqing-HW9UITests.xctest */,
			);
			name = Products;
			sourceTree = "<group>";
		};
/* End PBXGroup section */

/* Begin PBXNativeTarget section */
		26E0E6CD2F91AB04003AA20C /* ZouTianqing-HW9 */ = {
			isa = PBXNativeTarget;
			buildConfigurationList = 26E0E6F72F91AB06003AA20C /* Build configuration list for PBXNativeTarget "ZouTianqing-HW9" */;
			buildPhases = (
				26E0E6CA2F91AB04003AA20C /* Sources */,
				26E0E6CB2F91AB04003AA20C /* Frameworks */,
				26E0E6CC2F91AB04003AA20C /* Resources */,
			);
			buildRules = (
			);
			dependencies = (
			);
			fileSystemSynchronizedGroups = (
				26E0E6D02F91AB04003AA20C /* ZouTianqing-HW9 */,
			);
			name = "ZouTianqing-HW9";
			packageProductDependencies = (
			);
			productName = "ZouTianqing-HW9";
			productReference = 26E0E6CE2F91AB04003AA20C /* ZouTianqing-HW9.app */;
			productType = "com.apple.product-type.application";
		};
		26E0E6E32F91AB06003AA20C /* ZouTianqing-HW9Tests */ = {
			isa = PBXNativeTarget;
			buildConfigurationList = 26E0E6FC2F91AB06003AA20C /* Build configuration list for PBXNativeTarget "ZouTianqing-HW9Tests" */;
			buildPhases = (
				26E0E6E02F91AB06003AA20C /* Sources */,
				26E0E6E12F91AB06003AA20C /* Frameworks */,
				26E0E6E22F91AB06003AA20C /* Resources */,
			);
			buildRules = (
			);
			dependencies = (
				26E0E6E62F91AB06003AA20C /* PBXTargetDependency */,
			);
			fileSystemSynchronizedGroups = (
				26E0E6E72F91AB06003AA20C /* ZouTianqing-HW9Tests */,
			);
			name = "ZouTianqing-HW9Tests";
			packageProductDependencies = (
			);
			productName = "ZouTianqing-HW9Tests";
			productReference = 26E0E6E42F91AB06003AA20C /* ZouTianqing-HW9Tests.xctest */;
			productType = "com.apple.product-type.bundle.unit-test";
		};
		26E0E6ED2F91AB06003AA20C /* ZouTianqing-HW9UITests */ = {
			isa = PBXNativeTarget;
			buildConfigurationList = 26E0E6FF2F91AB06003AA20C /* Build configuration list for PBXNativeTarget "ZouTianqing-HW9UITests" */;
			buildPhases = (
				26E0E6EA2F91AB06003AA20C /* Sources */,
				26E0E6EB2F91AB06003AA20C /* Frameworks */,
				26E0E6EC2F91AB06003AA20C /* Resources */,
			);
			buildRules = (
			);
			dependencies = (
				26E0E6F02F91AB06003AA20C /* PBXTargetDependency */,
			);
			fileSystemSynchronizedGroups = (
				26E0E6F12F91AB06003AA20C /* ZouTianqing-HW9UITests */,
			);
			name = "ZouTianqing-HW9UITests";
			packageProductDependencies = (
			);
			productName = "ZouTianqing-HW9UITests";
			productReference = 26E0E6EE2F91AB06003AA20C /* ZouTianqing-HW9UITests.xctest */;
			productType = "com.apple.product-type.bundle.ui-testing";
		};
/* End PBXNativeTarget section */

/* Begin PBXProject section */
		26E0E6C62F91AB04003AA20C /* Project object */ = {
			isa = PBXProject;
			attributes = {
				BuildIndependentTargetsInParallel = 1;
				LastSwiftUpdateCheck = 2620;
				LastUpgradeCheck = 2620;
				TargetAttributes = {
					26E0E6CD2F91AB04003AA20C = {
						CreatedOnToolsVersion = 26.2;
					};
					26E0E6E32F91AB06003AA20C = {
						CreatedOnToolsVersion = 26.2;
						TestTargetID = 26E0E6CD2F91AB04003AA20C;
					};
					26E0E6ED2F91AB06003AA20C = {
						CreatedOnToolsVersion = 26.2;
						TestTargetID = 26E0E6CD2F91AB04003AA20C;
					};
				};
			};
			buildConfigurationList = 26E0E6C92F91AB04003AA20C /* Build configuration list for PBXProject "ZouTianqing-HW9" */;
			developmentRegion = en;
			hasScannedForEncodings = 0;
			knownRegions = (
				en,
				Base,
			);
			mainGroup = 26E0E6C52F91AB04003AA20C;
			minimizedProjectReferenceProxies = 1;
			preferredProjectObjectVersion = 77;
			productRefGroup = 26E0E6CF2F91AB04003AA20C /* Products */;
			projectDirPath = "";
			projectRoot = "";
			targets = (
				26E0E6CD2F91AB04003AA20C /* ZouTianqing-HW9 */,
				26E0E6E32F91AB06003AA20C /* ZouTianqing-HW9Tests */,
				26E0E6ED2F91AB06003AA20C /* ZouTianqing-HW9UITests */,
			);
		};
/* End PBXProject section */

/* Begin PBXResourcesBuildPhase section */
		26E0E6CC2F91AB04003AA20C /* Resources */ = {
			isa = PBXResourcesBuildPhase;
			buildActionMask = 2147483647;
			files = (
			);
			runOnlyForDeploymentPostprocessing = 0;
		};
		26E0E6E22F91AB06003AA20C /* Resources */ = {
			isa = PBXResourcesBuildPhase;
			buildActionMask = 2147483647;
			files = (
			);
			runOnlyForDeploymentPostprocessing = 0;
		};
		26E0E6EC2F91AB06003AA20C /* Resources */ = {
			isa = PBXResourcesBuildPhase;
			buildActionMask = 2147483647;
			files = (
			);
			runOnlyForDeploymentPostprocessing = 0;
		};
/* End PBXResourcesBuildPhase section */

/* Begin PBXSourcesBuildPhase section */
		26E0E6CA2F91AB04003AA20C /* Sources */ = {
			isa = PBXSourcesBuildPhase;
			buildActionMask = 2147483647;
			files = (
			);
			runOnlyForDeploymentPostprocessing = 0;
		};
		26E0E6E02F91AB06003AA20C /* Sources */ = {
			isa = PBXSourcesBuildPhase;
			buildActionMask = 2147483647;
			files = (
			);
			runOnlyForDeploymentPostprocessing = 0;
		};
		26E0E6EA2F91AB06003AA20C /* Sources */ = {
			isa = PBXSourcesBuildPhase;
			buildActionMask = 2147483647;
			files = (
			);
			runOnlyForDeploymentPostprocessing = 0;
		};
/* End PBXSourcesBuildPhase section */

/* Begin PBXTargetDependency section */
		26E0E6E62F91AB06003AA20C /* PBXTargetDependency */ = {
			isa = PBXTargetDependency;
			target = 26E0E6CD2F91AB04003AA20C /* ZouTianqing-HW9 */;
			targetProxy = 26E0E6E52F91AB06003AA20C /* PBXContainerItemProxy */;
		};
		26E0E6F02F91AB06003AA20C /* PBXTargetDependency */ = {
			isa = PBXTargetDependency;
			target = 26E0E6CD2F91AB04003AA20C /* ZouTianqing-HW9 */;
			targetProxy = 26E0E6EF2F91AB06003AA20C /* PBXContainerItemProxy */;
		};
/* End PBXTargetDependency section */

/* Begin XCBuildConfiguration section */
		26E0E6F82F91AB06003AA20C /* Debug */ = {
			isa = XCBuildConfiguration;
			buildSettings = {
				ASSETCATALOG_COMPILER_APPICON_NAME = AppIcon;
				ASSETCATALOG_COMPILER_GLOBAL_ACCENT_COLOR_NAME = AccentColor;
				CODE_SIGN_STYLE = Automatic;
				CURRENT_PROJECT_VERSION = 1;
				DEVELOPMENT_TEAM = 8CQG9T4BAA;
				GENERATE_INFOPLIST_FILE = YES;
				INFOPLIST_FILE = "ZouTianqing-HW9/Info.plist";
				INFOPLIST_KEY_UIApplicationSupportsIndirectInputEvents = YES;
				INFOPLIST_KEY_UILaunchStoryboardName = LaunchScreen;
				INFOPLIST_KEY_UIMainStoryboardFile = Main;
				INFOPLIST_KEY_UISupportedInterfaceOrientations_iPad = "UIInterfaceOrientationPortrait UIInterfaceOrientationPortraitUpsideDown UIInterfaceOrientationLandscapeLeft UIInterfaceOrientationLandscapeRight";
				INFOPLIST_KEY_UISupportedInterfaceOrientations_iPhone = "UIInterfaceOrientationPortrait UIInterfaceOrientationLandscapeLeft UIInterfaceOrientationLandscapeRight";
				LD_RUNPATH_SEARCH_PATHS = (
					"$(inherited)",
					"@executable_path/Frameworks",
				);
				MARKETING_VERSION = 1.0;
				PRODUCT_BUNDLE_IDENTIFIER = "tz.ZouTianqing-HW9";
				PRODUCT_NAME = "$(TARGET_NAME)";
				STRING_CATALOG_GENERATE_SYMBOLS = YES;
				SWIFT_APPROACHABLE_CONCURRENCY = YES;
				SWIFT_DEFAULT_ACTOR_ISOLATION = MainActor;
				SWIFT_EMIT_LOC_STRINGS = YES;
				SWIFT_UPCOMING_FEATURE_MEMBER_IMPORT_VISIBILITY = YES;
				SWIFT_VERSION = 5.0;
				TARGETED_DEVICE_FAMILY = "1,2";
			};
			name = Debug;
		};
		26E0E6F92F91AB06003AA20C /* Release */ = {
			isa = XCBuildConfiguration;
			buildSettings = {
				ASSETCATALOG_COMPILER_APPICON_NAME = AppIcon;
				ASSETCATALOG_COMPILER_GLOBAL_ACCENT_COLOR_NAME = AccentColor;
				CODE_SIGN_STYLE = Automatic;
				CURRENT_PROJECT_VERSION = 1;
				DEVELOPMENT_TEAM = 8CQG9T4BAA;
				GENERATE_INFOPLIST_FILE = YES;
				INFOPLIST_FILE = "ZouTianqing-HW9/Info.plist";
				INFOPLIST_KEY_UIApplicationSupportsIndirectInputEvents = YES;
				INFOPLIST_KEY_UILaunchStoryboardName = LaunchScreen;
				INFOPLIST_KEY_UIMainStoryboardFile = Main;
				INFOPLIST_KEY_UISupportedInterfaceOrientations_iPad = "UIInterfaceOrientationPortrait UIInterfaceOrientationPortraitUpsideDown UIInterfaceOrientationLandscapeLeft UIInterfaceOrientationLandscapeRight";
				INFOPLIST_KEY_UISupportedInterfaceOrientations_iPhone = "UIInterfaceOrientationPortrait UIInterfaceOrientationLandscapeLeft UIInterfaceOrientationLandscapeRight";
				LD_RUNPATH_SEARCH_PATHS = (
					"$(inherited)",
					"@executable_path/Frameworks",
				);
				MARKETING_VERSION = 1.0;
				PRODUCT_BUNDLE_IDENTIFIER = "tz.ZouTianqing-HW9";
				PRODUCT_NAME = "$(TARGET_NAME)";
				STRING_CATALOG_GENERATE_SYMBOLS = YES;
				SWIFT_APPROACHABLE_CONCURRENCY = YES;
				SWIFT_DEFAULT_ACTOR_ISOLATION = MainActor;
				SWIFT_EMIT_LOC_STRINGS = YES;
				SWIFT_UPCOMING_FEATURE_MEMBER_IMPORT_VISIBILITY = YES;
				SWIFT_VERSION = 5.0;
				TARGETED_DEVICE_FAMILY = "1,2";
			};
			name = Release;
		};
		26E0E6FA2F91AB06003AA20C /* Debug */ = {
			isa = XCBuildConfiguration;
			buildSettings = {
				ALWAYS_SEARCH_USER_PATHS = NO;
				ASSETCATALOG_COMPILER_GENERATE_SWIFT_ASSET_SYMBOL_EXTENSIONS = YES;
				CLANG_ANALYZER_NONNULL = YES;
				CLANG_ANALYZER_NUMBER_OBJECT_CONVERSION = YES_AGGRESSIVE;
				CLANG_CXX_LANGUAGE_STANDARD = "gnu++20";
				CLANG_ENABLE_MODULES = YES;
				CLANG_ENABLE_OBJC_ARC = YES;
				CLANG_ENABLE_OBJC_WEAK = YES;
				CLANG_WARN_BLOCK_CAPTURE_AUTORELEASING = YES;
				CLANG_WARN_BOOL_CONVERSION = YES;
				CLANG_WARN_COMMA = YES;
				CLANG_WARN_CONSTANT_CONVERSION = YES;
				CLANG_WARN_DEPRECATED_OBJC_IMPLEMENTATIONS = YES;
				CLANG_WARN_DIRECT_OBJC_ISA_USAGE = YES_ERROR;
				CLANG_WARN_DOCUMENTATION_COMMENTS = YES;
				CLANG_WARN_EMPTY_BODY = YES;
				CLANG_WARN_ENUM_CONVERSION = YES;
				CLANG_WARN_INFINITE_RECURSION = YES;
				CLANG_WARN_INT_CONVERSION = YES;
				CLANG_WARN_NON_LITERAL_NULL_CONVERSION = YES;
				CLANG_WARN_OBJC_IMPLICIT_RETAIN_SELF = YES;
				CLANG_WARN_OBJC_LITERAL_CONVERSION = YES;
				CLANG_WARN_OBJC_ROOT_CLASS = YES_ERROR;
				CLANG_WARN_QUOTED_INCLUDE_IN_FRAMEWORK_HEADER = YES;
				CLANG_WARN_RANGE_LOOP_ANALYSIS = YES;
				CLANG_WARN_STRICT_PROTOTYPES = YES;
				CLANG_WARN_SUSPICIOUS_MOVE = YES;
				CLANG_WARN_UNGUARDED_AVAILABILITY = YES_AGGRESSIVE;
				CLANG_WARN_UNREACHABLE_CODE = YES;
				CLANG_WARN__DUPLICATE_METHOD_MATCH = YES;
				COPY_PHASE_STRIP = NO;
				DEBUG_INFORMATION_FORMAT = dwarf;
				DEVELOPMENT_TEAM = 8CQG9T4BAA;
				ENABLE_STRICT_OBJC_MSGSEND = YES;
				ENABLE_TESTABILITY = YES;
				ENABLE_USER_SCRIPT_SANDBOXING = YES;
				GCC_C_LANGUAGE_STANDARD = gnu17;
				GCC_DYNAMIC_NO_PIC = NO;
				GCC_NO_COMMON_BLOCKS = YES;
				GCC_OPTIMIZATION_LEVEL = 0;
				GCC_PREPROCESSOR_DEFINITIONS = (
					"DEBUG=1",
					"$(inherited)",
				);
				GCC_WARN_64_TO_32_BIT_CONVERSION = YES;
				GCC_WARN_ABOUT_RETURN_TYPE = YES_ERROR;
				GCC_WARN_UNDECLARED_SELECTOR = YES;
				GCC_WARN_UNINITIALIZED_AUTOS = YES_AGGRESSIVE;
				GCC_WARN_UNUSED_FUNCTION = YES;
				GCC_WARN_UNUSED_VARIABLE = YES;
				IPHONEOS_DEPLOYMENT_TARGET = 26.2;
				LOCALIZATION_PREFERS_STRING_CATALOGS = YES;
				MTL_ENABLE_DEBUG_INFO = INCLUDE_SOURCE;
				MTL_FAST_MATH = YES;
				ONLY_ACTIVE_ARCH = YES;
				SDKROOT = iphoneos;
				SWIFT_ACTIVE_COMPILATION_CONDITIONS = "DEBUG $(inherited)";
				SWIFT_OPTIMIZATION_LEVEL = "-Onone";
			};
			name = Debug;
		};
		26E0E6FB2F91AB06003AA20C /* Release */ = {
			isa = XCBuildConfiguration;
			buildSettings = {
				ALWAYS_SEARCH_USER_PATHS = NO;
				ASSETCATALOG_COMPILER_GENERATE_SWIFT_ASSET_SYMBOL_EXTENSIONS = YES;
				CLANG_ANALYZER_NONNULL = YES;
				CLANG_ANALYZER_NUMBER_OBJECT_CONVERSION = YES_AGGRESSIVE;
				CLANG_CXX_LANGUAGE_STANDARD = "gnu++20";
				CLANG_ENABLE_MODULES = YES;
				CLANG_ENABLE_OBJC_ARC = YES;
				CLANG_ENABLE_OBJC_WEAK = YES;
				CLANG_WARN_BLOCK_CAPTURE_AUTORELEASING = YES;
				CLANG_WARN_BOOL_CONVERSION = YES;
				CLANG_WARN_COMMA = YES;
				CLANG_WARN_CONSTANT_CONVERSION = YES;
				CLANG_WARN_DEPRECATED_OBJC_IMPLEMENTATIONS = YES;
				CLANG_WARN_DIRECT_OBJC_ISA_USAGE = YES_ERROR;
				CLANG_WARN_DOCUMENTATION_COMMENTS = YES;
				CLANG_WARN_EMPTY_BODY = YES;
				CLANG_WARN_ENUM_CONVERSION = YES;
				CLANG_WARN_INFINITE_RECURSION = YES;
				CLANG_WARN_INT_CONVERSION = YES;
				CLANG_WARN_NON_LITERAL_NULL_CONVERSION = YES;
				CLANG_WARN_OBJC_IMPLICIT_RETAIN_SELF = YES;
				CLANG_WARN_OBJC_LITERAL_CONVERSION = YES;
				CLANG_WARN_OBJC_ROOT_CLASS = YES_ERROR;
				CLANG_WARN_QUOTED_INCLUDE_IN_FRAMEWORK_HEADER = YES;
				CLANG_WARN_RANGE_LOOP_ANALYSIS = YES;
				CLANG_WARN_STRICT_PROTOTYPES = YES;
				CLANG_WARN_SUSPICIOUS_MOVE = YES;
				CLANG_WARN_UNGUARDED_AVAILABILITY = YES_AGGRESSIVE;
				CLANG_WARN_UNREACHABLE_CODE = YES;
				CLANG_WARN__DUPLICATE_METHOD_MATCH = YES;
				COPY_PHASE_STRIP = NO;
				DEBUG_INFORMATION_FORMAT = "dwarf-with-dsym";
				DEVELOPMENT_TEAM = 8CQG9T4BAA;
				ENABLE_NS_ASSERTIONS = NO;
				ENABLE_STRICT_OBJC_MSGSEND = YES;
				ENABLE_USER_SCRIPT_SANDBOXING = YES;
				GCC_C_LANGUAGE_STANDARD = gnu17;
				GCC_NO_COMMON_BLOCKS = YES;
				GCC_WARN_64_TO_32_BIT_CONVERSION = YES;
				GCC_WARN_ABOUT_RETURN_TYPE = YES_ERROR;
				GCC_WARN_UNDECLARED_SELECTOR = YES;
				GCC_WARN_UNINITIALIZED_AUTOS = YES_AGGRESSIVE;
				GCC_WARN_UNUSED_FUNCTION = YES;
				GCC_WARN_UNUSED_VARIABLE = YES;
				IPHONEOS_DEPLOYMENT_TARGET = 26.2;
				LOCALIZATION_PREFERS_STRING_CATALOGS = YES;
				MTL_ENABLE_DEBUG_INFO = NO;
				MTL_FAST_MATH = YES;
				SDKROOT = iphoneos;
				SWIFT_COMPILATION_MODE = wholemodule;
				VALIDATE_PRODUCT = YES;
			};
			name = Release;
		};
		26E0E6FD2F91AB06003AA20C /* Debug */ = {
			isa = XCBuildConfiguration;
			buildSettings = {
				BUNDLE_LOADER = "$(TEST_HOST)";
				CODE_SIGN_STYLE = Automatic;
				CURRENT_PROJECT_VERSION = 1;
				DEVELOPMENT_TEAM = 8CQG9T4BAA;
				GENERATE_INFOPLIST_FILE = YES;
				IPHONEOS_DEPLOYMENT_TARGET = 26.2;
				MARKETING_VERSION = 1.0;
				PRODUCT_BUNDLE_IDENTIFIER = "tz.ZouTianqing-HW9Tests";
				PRODUCT_NAME = "$(TARGET_NAME)";
				STRING_CATALOG_GENERATE_SYMBOLS = NO;
				SWIFT_APPROACHABLE_CONCURRENCY = YES;
				SWIFT_EMIT_LOC_STRINGS = NO;
				SWIFT_UPCOMING_FEATURE_MEMBER_IMPORT_VISIBILITY = YES;
				SWIFT_VERSION = 5.0;
				TARGETED_DEVICE_FAMILY = "1,2";
				TEST_HOST = "$(BUILT_PRODUCTS_DIR)/ZouTianqing-HW9.app/$(BUNDLE_EXECUTABLE_FOLDER_PATH)/ZouTianqing-HW9";
			};
			name = Debug;
		};
		26E0E6FE2F91AB06003AA20C /* Release */ = {
			isa = XCBuildConfiguration;
			buildSettings = {
				BUNDLE_LOADER = "$(TEST_HOST)";
				CODE_SIGN_STYLE = Automatic;
				CURRENT_PROJECT_VERSION = 1;
				DEVELOPMENT_TEAM = 8CQG9T4BAA;
				GENERATE_INFOPLIST_FILE = YES;
				IPHONEOS_DEPLOYMENT_TARGET = 26.2;
				MARKETING_VERSION = 1.0;
				PRODUCT_BUNDLE_IDENTIFIER = "tz.ZouTianqing-HW9Tests";
				PRODUCT_NAME = "$(TARGET_NAME)";
				STRING_CATALOG_GENERATE_SYMBOLS = NO;
				SWIFT_APPROACHABLE_CONCURRENCY = YES;
				SWIFT_EMIT_LOC_STRINGS = NO;
				SWIFT_UPCOMING_FEATURE_MEMBER_IMPORT_VISIBILITY = YES;
				SWIFT_VERSION = 5.0;
				TARGETED_DEVICE_FAMILY = "1,2";
				TEST_HOST = "$(BUILT_PRODUCTS_DIR)/ZouTianqing-HW9.app/$(BUNDLE_EXECUTABLE_FOLDER_PATH)/ZouTianqing-HW9";
			};
			name = Release;
		};
		26E0E7002F91AB06003AA20C /* Debug */ = {
			isa = XCBuildConfiguration;
			buildSettings = {
				CODE_SIGN_STYLE = Automatic;
				CURRENT_PROJECT_VERSION = 1;
				DEVELOPMENT_TEAM = 8CQG9T4BAA;
				GENERATE_INFOPLIST_FILE = YES;
				MARKETING_VERSION = 1.0;
				PRODUCT_BUNDLE_IDENTIFIER = "tz.ZouTianqing-HW9UITests";
				PRODUCT_NAME = "$(TARGET_NAME)";
				STRING_CATALOG_GENERATE_SYMBOLS = NO;
				SWIFT_APPROACHABLE_CONCURRENCY = YES;
				SWIFT_EMIT_LOC_STRINGS = NO;
				SWIFT_UPCOMING_FEATURE_MEMBER_IMPORT_VISIBILITY = YES;
				SWIFT_VERSION = 5.0;
				TARGETED_DEVICE_FAMILY = "1,2";
				TEST_TARGET_NAME = "ZouTianqing-HW9";
			};
			name = Debug;
		};
		26E0E7012F91AB06003AA20C /* Release */ = {
			isa = XCBuildConfiguration;
			buildSettings = {
				CODE_SIGN_STYLE = Automatic;
				CURRENT_PROJECT_VERSION = 1;
				DEVELOPMENT_TEAM = 8CQG9T4BAA;
				GENERATE_INFOPLIST_FILE = YES;
				MARKETING_VERSION = 1.0;
				PRODUCT_BUNDLE_IDENTIFIER = "tz.ZouTianqing-HW9UITests";
				PRODUCT_NAME = "$(TARGET_NAME)";
				STRING_CATALOG_GENERATE_SYMBOLS = NO;
				SWIFT_APPROACHABLE_CONCURRENCY = YES;
				SWIFT_EMIT_LOC_STRINGS = NO;
				SWIFT_UPCOMING_FEATURE_MEMBER_IMPORT_VISIBILITY = YES;
				SWIFT_VERSION = 5.0;
				TARGETED_DEVICE_FAMILY = "1,2";
				TEST_TARGET_NAME = "ZouTianqing-HW9";
			};
			name = Release;
		};
/* End XCBuildConfiguration section */

/* Begin XCConfigurationList section */
		26E0E6C92F91AB04003AA20C /* Build configuration list for PBXProject "ZouTianqing-HW9" */ = {
			isa = XCConfigurationList;
			buildConfigurations = (
				26E0E6FA2F91AB06003AA20C /* Debug */,
				26E0E6FB2F91AB06003AA20C /* Release */,
			);
			defaultConfigurationIsVisible = 0;
			defaultConfigurationName = Release;
		};
		26E0E6F72F91AB06003AA20C /* Build configuration list for PBXNativeTarget "ZouTianqing-HW9" */ = {
			isa = XCConfigurationList;
			buildConfigurations = (
				26E0E6F82F91AB06003AA20C /* Debug */,
				26E0E6F92F91AB06003AA20C /* Release */,
			);
			defaultConfigurationIsVisible = 0;
			defaultConfigurationName = Release;
		};
		26E0E6FC2F91AB06003AA20C /* Build configuration list for PBXNativeTarget "ZouTianqing-HW9Tests" */ = {
			isa = XCConfigurationList;
			buildConfigurations = (
				26E0E6FD2F91AB06003AA20C /* Debug */,
				26E0E6FE2F91AB06003AA20C /* Release */,
			);
			defaultConfigurationIsVisible = 0;
			defaultConfigurationName = Release;
		};
		26E0E6FF2F91AB06003AA20C /* Build configuration list for PBXNativeTarget "ZouTianqing-HW9UITests" */ = {
			isa = XCConfigurationList;
			buildConfigurations = (
				26E0E7002F91AB06003AA20C /* Debug */,
				26E0E7012F91AB06003AA20C /* Release */,
			);
			defaultConfigurationIsVisible = 0;
			defaultConfigurationName = Release;
		};
/* End XCConfigurationList section */
	};
	rootObject = 26E0E6C62F91AB04003AA20C /* Project object */;
}
